# This file is automatically @generated by Cargo.
# It is not intended for manual editing.
version = 4

[[package]]
name = "arrayvec"
version = "0.7.6"
source = "registry+https://github.com/rust-lang/crates.io-index"
checksum = "7c02d123df017efcdfbd739ef81735b36c5ba83ec3c59c80a9d7ecc718f92e50"

[[package]]
name = "dice-rs"
version = "0.1.0"
dependencies = [
 "playdate",
]

[[package]]
name = "erased_set"
version = "0.8.0"
source = "registry+https://github.com/rust-lang/crates.io-index"
checksum = "a02a5d186d7bf1cb21f1f95e1a9cfa5c1f2dcd803a47aad454423ceec13525c5"

[[package]]
name = "playdate"
version = "0.2.5"
source = "registry+https://github.com/rust-lang/crates.io-index"
checksum = "cebfd058c222d181575c7bf9bb4fe52fb0d53e078e714e68b5067a2d07ebd8c0"
dependencies = [
 "playdate-controls",
 "playdate-display",
 "playdate-fs",
 "playdate-graphics",
 "playdate-lua",
 "playdate-menu",
 "playdate-scoreboards",
 "playdate-sound",
 "playdate-sprite",
 "playdate-sys",
 "playdate-system",
]

[[package]]
name = "playdate-bindgen-cfg"
version = "0.2.1"
source = "registry+https://github.com/rust-lang/crates.io-index"
checksum = "1aedf0ea940f92d1951398ef4d537b4ecdd027fd959e67dc921e7af5550f6e55"

[[package]]
name = "playdate-color"
version = "0.2.7"
source = "registry+https://github.com/rust-lang/crates.io-index"
checksum = "5ad8a6919143eebba5d26e7dd6ab2eb530abcf926a5c7d050d3b90e5b0f3561d"
dependencies = [
 "playdate-sys",
]

[[package]]
name = "playdate-controls"
version = "0.3.8"
source = "registry+https://github.com/rust-lang/crates.io-index"
checksum = "1563ee3657af201c98c171fb7cfd1622bd670bf4e19ed958c844d741fce7486e"
dependencies = [
 "playdate-sys",
 "playdate-system",
]

[[package]]
name = "playdate-display"
version = "0.3.8"
source = "registry+https://github.com/rust-lang/crates.io-index"
checksum = "5e018dfdfcb282eb2f890dca272353b02316fc1e7a00a44294b0e9bdef08c012"
dependencies = [
 "playdate-sys",
]

[[package]]
name = "playdate-fs"
version = "0.2.11"
source = "registry+https://github.com/rust-lang/crates.io-index"
checksum = "3c82bc4056ddb5db7601e23f0545758eb098614e3342a729d8a01122cc0b50c7"
dependencies = [
 "playdate-sys",
]

[[package]]
name = "playdate-graphics"
version = "0.4.3"
source = "registry+https://github.com/rust-lang/crates.io-index"
checksum = "928909b17a6da728b512c2cf74d6fcef7ae69790143ae96610fef1c872268319"
dependencies = [
 "playdate-color",
 "playdate-fs",
 "playdate-sys",
]

[[package]]
name = "playdate-lua"
version = "0.1.4"
source = "registry+https://github.com/rust-lang/crates.io-index"
checksum = "7da1bc315a20e0a3e2fe4e60c9b70f98c14ac84e99dda81b67f7df3340abc2d8"
dependencies = [
 "playdate-sys",
]

[[package]]
name = "playdate-menu"
version = "0.2.7"
source = "registry+https://github.com/rust-lang/crates.io-index"
checksum = "d21cd20dc098c881e98989ea0d12af091d2896186261b4d0837a4a97facde7f7"
dependencies = [
 "playdate-sys",
 "playdate-system",
]

[[package]]
name = "playdate-scoreboards"
version = "0.1.6"
source = "registry+https://github.com/rust-lang/crates.io-index"
checksum = "3a43020c44fb38c441fe4d3e10c3b60dfcacea073135aab67cc3c4a691fd77a9"
dependencies = [
 "erased_set",
 "playdate-sys",
]

[[package]]
name = "playdate-sound"
version = "0.4.4"
source = "registry+https://github.com/rust-lang/crates.io-index"
checksum = "15e0b3c4b43b8c2414be614af1f4f6eb19f95264f0d37514faf78803bda19d3a"
dependencies = [
 "playdate-fs",
 "playdate-sys",
]

[[package]]
name = "playdate-sprite"
version = "0.3.2"
source = "registry+https://github.com/rust-lang/crates.io-index"
checksum = "e7178343e60cbfe17453e1217a0ba04796ed8219d1259c1b3bb4dcd93eb3e0a3"
dependencies = [
 "playdate-graphics",
 "playdate-sys",
]

[[package]]
name = "playdate-sys"
version = "0.5.1"
source = "registry+https://github.com/rust-lang/crates.io-index"
checksum = "5876928de1a560b1eef40f9ada80cc34bfdb4feea6b4f2069e26b76a182b5c00"
dependencies = [
 "arrayvec",
 "playdate-bindgen-cfg",
]

[[package]]
name = "playdate-system"
version = "0.3.15"
source = "registry+https://github.com/rust-lang/crates.io-index"
checksum = "30fc6e2b6a2ace9ef49e279396e3b2d4a1f19c9ab8d90316c46e9e904e1705b6"
dependencies = [
 "playdate-sys",
]
